
Microsoft Visual Studio Solution File, Format Version 12.00
# Visual Studio 15
VisualStudioVersion = 15.0.27130.2036
MinimumVisualStudioVersion = 10.0.40219.1
Project("{FAE04EC0-301F-11D3-BF4B-00C04F79EFBC}") = "DeviceManager", "DeviceManager\DeviceManager.csproj", "{0B4390E3-1F36-4A7A-854A-E6DBAAA940A8}"
EndProject
Project("{E24C65DC-7377-472B-9ABA-BC803B73C61A}") = "Calculator", "Calculator\", "{2987EAA4-17A7-42D3-96DA-1584C08258E5}"
	ProjectSection(WebsiteProperties) = preProject
		TargetFrameworkMoniker = ".NETFramework,Version%3Dv4.6.1"
		Debug.AspNetCompiler.VirtualPath = "/localhost_51920"
		Debug.AspNetCompiler.PhysicalPath = "Calculator\"
		Debug.AspNetCompiler.TargetPath = "PrecompiledWeb\localhost_51920\"
		Debug.AspNetCompiler.Updateable = "true"
		Debug.AspNetCompiler.ForceOverwrite = "true"
		Debug.AspNetCompiler.FixedNames = "false"
		Debug.AspNetCompiler.Debug = "True"
		Release.AspNetCompiler.VirtualPath = "/localhost_51920"
		Release.AspNetCompiler.PhysicalPath = "Calculator\"
		Release.AspNetCompiler.TargetPath = "PrecompiledWeb\localhost_51920\"
		Release.AspNetCompiler.Updateable = "true"
		Release.AspNetCompiler.ForceOverwrite = "true"
		Release.AspNetCompiler.FixedNames = "false"
		Release.AspNetCompiler.Debug = "False"
		VWDPort = "51920"
		SlnRelativePath = "Calculator\"
		DefaultWebSiteLanguage = "Visual C#"
	EndProjectSection
EndProject
Global
	GlobalSection(SolutionConfigurationPlatforms) = preSolution
		Debug|Any CPU = Debug|Any CPU
		Release|Any CPU = Release|Any CPU
	EndGlobalSection
	GlobalSection(ProjectConfigurationPlatforms) = postSolution
		{0B4390E3-1F36-4A7A-854A-E6DBAAA940A8}.Debug|Any CPU.ActiveCfg = Debug|Any CPU
		{0B4390E3-1F36-4A7A-854A-E6DBAAA940A8}.Debug|Any CPU.Build.0 = Debug|Any CPU
		{0B4390E3-1F36-4A7A-854A-E6DBAAA940A8}.Release|Any CPU.ActiveCfg = Release|Any CPU
		{0B4390E3-1F36-4A7A-854A-E6DBAAA940A8}.Release|Any CPU.Build.0 = Release|Any CPU
		{2987EAA4-17A7-42D3-96DA-1584C08258E5}.Debug|Any CPU.ActiveCfg = Debug|Any CPU
		{2987EAA4-17A7-42D3-96DA-1584C08258E5}.Debug|Any CPU.Build.0 = Debug|Any CPU
		{2987EAA4-17A7-42D3-96DA-1584C08258E5}.Release|Any CPU.ActiveCfg = Debug|Any CPU
		{2987EAA4-17A7-42D3-96DA-1584C08258E5}.Release|Any CPU.Build.0 = Debug|Any CPU
	EndGlobalSection
	GlobalSection(SolutionProperties) = preSolution
		HideSolutionNode = FALSE
	EndGlobalSection
	GlobalSection(ExtensibilityGlobals) = postSolution
		SolutionGuid = {DB51FFAB-E35F-49C5-ACD1-3D04FFB87FF4}
	EndGlobalSection
EndGlobal
